
Microsoft Visual Studio Solution File, Format Version 11.00
# Visual C# Express 2010
Project("{FAE04EC0-301F-11D3-BF4B-00C04F79EFBC}") = "GhostBlockDumper", "GhostBlockDumper\GhostBlockDumper.csproj", "{2ACF68E8-4606-4A90-AC8C-11E95310B915}"
EndProject
Global
	GlobalSection(SolutionConfigurationPlatforms) = preSolution
		Debug|x86 = Debug|x86
		Release|x86 = Release|x86
	EndGlobalSection
	GlobalSection(ProjectConfigurationPlatforms) = postSolution
		{2ACF68E8-4606-4A90-AC8C-11E95310B915}.Debug|x86.ActiveCfg = Debug|x86
		{2ACF68E8-4606-4A90-AC8C-11E95310B915}.Debug|x86.Build.0 = Debug|x86
		{2ACF68E8-4606-4A90-AC8C-11E95310B915}.Release|x86.ActiveCfg = Release|x86
		{2ACF68E8-4606-4A90-AC8C-11E95310B915}.Release|x86.Build.0 = Release|x86
	EndGlobalSection
	GlobalSection(SolutionProperties) = preSolution
		HideSolutionNode = FALSE
	EndGlobalSection
EndGlobal
